// !$*UTF8*$!
{
	archiveVersion = 1;
	classes = {
	};
	objectVersion = 46;
	objects = {

/* Begin PBXBuildFile section */
		681D3E521DFFA221002024A8 /* AppDelegate.swift in Sources */ = {isa = PBXBuildFile; fileRef = 681D3E511DFFA221002024A8 /* AppDelegate.swift */; };
		681D3E541DFFA221002024A8 /* ViewController.swift in Sources */ = {isa = PBXBuildFile; fileRef = 681D3E531DFFA221002024A8 /* ViewController.swift */; };
		681D3E571DFFA221002024A8 /* Main.storyboard in Resources */ = {isa = PBXBuildFile; fileRef = 681D3E551DFFA221002024A8 /* Main.storyboard */; };
		681D3E591DFFA221002024A8 /* Assets.xcassets in Resources */ = {isa = PBXBuildFile; fileRef = 681D3E581DFFA221002024A8 /* Assets.xcassets */; };
		681D3E5C1DFFA221002024A8 /* LaunchScreen.storyboard in Resources */ = {isa = PBXBuildFile; fileRef = 681D3E5A1DFFA221002024A8 /* LaunchScreen.storyboard */; };
		681D3E681DFFA2C4002024A8 /* WebView.swift in Sources */ = {isa = PBXBuildFile; fileRef = 681D3E661DFFA2C4002024A8 /* WebView.swift */; };
		681D3E691DFFA2C4002024A8 /* WebView.xib in Resources */ = {isa = PBXBuildFile; fileRef = 681D3E671DFFA2C4002024A8 /* WebView.xib */; };
		FF3505F81F307169000F3DE9 /* LaunchADView.framework in Frameworks */ = {isa = PBXBuildFile; fileRef = FF3505EF1F307169000F3DE9 /* LaunchADView.framework */; };
		FF3506041F307169000F3DE9 /* LaunchADView.framework in Frameworks */ = {isa = PBXBuildFile; fileRef = FF3505EF1F307169000F3DE9 /* LaunchADView.framework */; };
		FF3506051F307169000F3DE9 /* LaunchADView.framework in Embed Frameworks */ = {isa = PBXBuildFile; fileRef = FF3505EF1F307169000F3DE9 /* LaunchADView.framework */; settings = {ATTRIBUTES = (CodeSignOnCopy, RemoveHeadersOnCopy, ); }; };
		FF35060D1F307179000F3DE9 /* LaunchADView.swift in Sources */ = {isa = PBXBuildFile; fileRef = FF35060C1F307179000F3DE9 /* LaunchADView.swift */; };
/* End PBXBuildFile section */

/* Begin PBXContainerItemProxy section */
		FF3505F91F307169000F3DE9 /* PBXContainerItemProxy */ = {
			isa = PBXContainerItemProxy;
			containerPortal = 681D3E461DFFA221002024A8 /* Project object */;
			proxyType = 1;
			remoteGlobalIDString = FF3505EE1F307169000F3DE9;
			remoteInfo = LaunchADView;
		};
		FF3505FB1F307169000F3DE9 /* PBXContainerItemProxy */ = {
			isa = PBXContainerItemProxy;
			containerPortal = 681D3E461DFFA221002024A8 /* Project object */;
			proxyType = 1;
			remoteGlobalIDString = 681D3E4D1DFFA221002024A8;
			remoteInfo = LaunchADDemo;
		};
		FF3506021F307169000F3DE9 /* PBXContainerItemProxy */ = {
			isa = PBXContainerItemProxy;
			containerPortal = 681D3E461DFFA221002024A8 /* Project object */;
			proxyType = 1;
			remoteGlobalIDString = FF3505EE1F307169000F3DE9;
			remoteInfo = LaunchADView;
		};
/* End PBXContainerItemProxy section */

/* Begin PBXCopyFilesBuildPhase section */
		FF3505E61F307103000F3DE9 /* Embed Frameworks */ = {
			isa = PBXCopyFilesBuildPhase;
			buildActionMask = 2147483647;
			dstPath = "";
			dstSubfolderSpec = 10;
			files = (
				FF3506051F307169000F3DE9 /* LaunchADView.framework in Embed Frameworks */,
			);
			name = "Embed Frameworks";
			runOnlyForDeploymentPostprocessing = 0;
		};
/* End PBXCopyFilesBuildPhase section */

/* Begin PBXFileReference section */
		681D3E4E1DFFA221002024A8 /* LaunchADDemo.app */ = {isa = PBXFileReference; explicitFileType = wrapper.application; includeInIndex = 0; path = LaunchADDemo.app; sourceTree = BUILT_PRODUCTS_DIR; };
		681D3E511DFFA221002024A8 /* AppDelegate.swift */ = {isa = PBXFileReference; lastKnownFileType = sourcecode.swift; path = AppDelegate.swift; sourceTree = "<group>"; };
		681D3E531DFFA221002024A8 /* ViewController.swift */ = {isa = PBXFileReference; lastKnownFileType = sourcecode.swift; path = ViewController.swift; sourceTree = "<group>"; };
		681D3E561DFFA221002024A8 /* Base */ = {isa = PBXFileReference; lastKnownFileType = file.storyboard; name = Base; path = Base.lproj/Main.storyboard; sourceTree = "<group>"; };
		681D3E581DFFA221002024A8 /* Assets.xcassets */ = {isa = PBXFileReference; lastKnownFileType = folder.assetcatalog; path = Assets.xcassets; sourceTree = "<group>"; };
		681D3E5B1DFFA221002024A8 /* Base */ = {isa = PBXFileReference; lastKnownFileType = file.storyboard; name = Base; path = Base.lproj/LaunchScreen.storyboard; sourceTree = "<group>"; };
		681D3E5D1DFFA221002024A8 /* Info.plist */ = {isa = PBXFileReference; lastKnownFileType = text.plist.xml; path = Info.plist; sourceTree = "<group>"; };
		681D3E661DFFA2C4002024A8 /* WebView.swift */ = {isa = PBXFileReference; fileEncoding = 4; lastKnownFileType = sourcecode.swift; path = WebView.swift; sourceTree = "<group>"; };
		681D3E671DFFA2C4002024A8 /* WebView.xib */ = {isa = PBXFileReference; fileEncoding = 4; lastKnownFileType = file.xib; path = WebView.xib; sourceTree = "<group>"; };
		FF3505CE1F307102000F3DE9 /* LaunchADView.h */ = {isa = PBXFileReference; lastKnownFileType = sourcecode.c.h; path = LaunchADView.h; sourceTree = "<group>"; };
		FF3505CF1F307102000F3DE9 /* Info.plist */ = {isa = PBXFileReference; lastKnownFileType = text.plist.xml; path = Info.plist; sourceTree = "<group>"; };
		FF3505DB1F307103000F3DE9 /* LaunchADViewTests.swift */ = {isa = PBXFileReference; lastKnownFileType = sourcecode.swift; path = LaunchADViewTests.swift; sourceTree = "<group>"; };
		FF3505DD1F307103000F3DE9 /* Info.plist */ = {isa = PBXFileReference; lastKnownFileType = text.plist.xml; path = Info.plist; sourceTree = "<group>"; };
		FF3505EF1F307169000F3DE9 /* LaunchADView.framework */ = {isa = PBXFileReference; explicitFileType = wrapper.framework; includeInIndex = 0; path = LaunchADView.framework; sourceTree = BUILT_PRODUCTS_DIR; };
		FF3505F71F307169000F3DE9 /* LaunchADViewTests.xctest */ = {isa = PBXFileReference; explicitFileType = wrapper.cfbundle; includeInIndex = 0; path = LaunchADViewTests.xctest; sourceTree = BUILT_PRODUCTS_DIR; };
		FF35060C1F307179000F3DE9 /* LaunchADView.swift */ = {isa = PBXFileReference; fileEncoding = 4; lastKnownFileType = sourcecode.swift; path = LaunchADView.swift; sourceTree = "<group>"; };
/* End PBXFileReference section */

/* Begin PBXFrameworksBuildPhase section */
		681D3E4B1DFFA221002024A8 /* Frameworks */ = {
			isa = PBXFrameworksBuildPhase;
			buildActionMask = 2147483647;
			files = (
				FF3506041F307169000F3DE9 /* LaunchADView.framework in Frameworks */,
			);
			runOnlyForDeploymentPostprocessing = 0;
		};
		FF3505EB1F307169000F3DE9 /* Frameworks */ = {
			isa = PBXFrameworksBuildPhase;
			buildActionMask = 2147483647;
			files = (
			);
			runOnlyForDeploymentPostprocessing = 0;
		};
		FF3505F41F307169000F3DE9 /* Frameworks */ = {
			isa = PBXFrameworksBuildPhase;
			buildActionMask = 2147483647;
			files = (
				FF3505F81F307169000F3DE9 /* LaunchADView.framework in Frameworks */,
			);
			runOnlyForDeploymentPostprocessing = 0;
		};
/* End PBXFrameworksBuildPhase section */

/* Begin PBXGroup section */
		681D3E451DFFA221002024A8 = {
			isa = PBXGroup;
			children = (
				681D3E501DFFA221002024A8 /* LaunchADDemo */,
				FF3505CD1F307102000F3DE9 /* LaunchADView */,
				FF3505DA1F307102000F3DE9 /* LaunchADViewTests */,
				681D3E4F1DFFA221002024A8 /* Products */,
			);
			sourceTree = "<group>";
		};
		681D3E4F1DFFA221002024A8 /* Products */ = {
			isa = PBXGroup;
			children = (
				681D3E4E1DFFA221002024A8 /* LaunchADDemo.app */,
				FF3505EF1F307169000F3DE9 /* LaunchADView.framework */,
				FF3505F71F307169000F3DE9 /* LaunchADViewTests.xctest */,
			);
			name = Products;
			sourceTree = "<group>";
		};
		681D3E501DFFA221002024A8 /* LaunchADDemo */ = {
			isa = PBXGroup;
			children = (
				681D3E511DFFA221002024A8 /* AppDelegate.swift */,
				681D3E531DFFA221002024A8 /* ViewController.swift */,
				681D3E661DFFA2C4002024A8 /* WebView.swift */,
				681D3E671DFFA2C4002024A8 /* WebView.xib */,
				681D3E551DFFA221002024A8 /* Main.storyboard */,
				681D3E581DFFA221002024A8 /* Assets.xcassets */,
				681D3E5A1DFFA221002024A8 /* LaunchScreen.storyboard */,
				681D3E5D1DFFA221002024A8 /* Info.plist */,
			);
			path = LaunchADDemo;
			sourceTree = "<group>";
		};
		FF3505CD1F307102000F3DE9 /* LaunchADView */ = {
			isa = PBXGroup;
			children = (
				FF35060C1F307179000F3DE9 /* LaunchADView.swift */,
				FF3505CE1F307102000F3DE9 /* LaunchADView.h */,
				FF3505CF1F307102000F3DE9 /* Info.plist */,
			);
			path = LaunchADView;
			sourceTree = "<group>";
		};
		FF3505DA1F307102000F3DE9 /* LaunchADViewTests */ = {
			isa = PBXGroup;
			children = (
				FF3505DB1F307103000F3DE9 /* LaunchADViewTests.swift */,
				FF3505DD1F307103000F3DE9 /* Info.plist */,
			);
			path = LaunchADViewTests;
			sourceTree = "<group>";
		};
/* End PBXGroup section */

/* Begin PBXHeadersBuildPhase section */
		FF3505EC1F307169000F3DE9 /* Headers */ = {
			isa = PBXHeadersBuildPhase;
			buildActionMask = 2147483647;
			files = (
			);
			runOnlyForDeploymentPostprocessing = 0;
		};
/* End PBXHeadersBuildPhase section */

/* Begin PBXNativeTarget section */
		681D3E4D1DFFA221002024A8 /* LaunchADDemo */ = {
			isa = PBXNativeTarget;
			buildConfigurationList = 681D3E601DFFA221002024A8 /* Build configuration list for PBXNativeTarget "LaunchADDemo" */;
			buildPhases = (
				681D3E4A1DFFA221002024A8 /* Sources */,
				681D3E4B1DFFA221002024A8 /* Frameworks */,
				681D3E4C1DFFA221002024A8 /* Resources */,
				FF3505E61F307103000F3DE9 /* Embed Frameworks */,
			);
			buildRules = (
			);
			dependencies = (
				FF3506031F307169000F3DE9 /* PBXTargetDependency */,
			);
			name = LaunchADDemo;
			productName = LaunchADDemo;
			productReference = 681D3E4E1DFFA221002024A8 /* LaunchADDemo.app */;
			productType = "com.apple.product-type.application";
		};
		FF3505EE1F307169000F3DE9 /* LaunchADView */ = {
			isa = PBXNativeTarget;
			buildConfigurationList = FF3506061F307169000F3DE9 /* Build configuration list for PBXNativeTarget "LaunchADView" */;
			buildPhases = (
				FF3505EA1F307169000F3DE9 /* Sources */,
				FF3505EB1F307169000F3DE9 /* Frameworks */,
				FF3505EC1F307169000F3DE9 /* Headers */,
				FF3505ED1F307169000F3DE9 /* Resources */,
			);
			buildRules = (
			);
			dependencies = (
			);
			name = LaunchADView;
			productName = LaunchADView;
			productReference = FF3505EF1F307169000F3DE9 /* LaunchADView.framework */;
			productType = "com.apple.product-type.framework";
		};
		FF3505F61F307169000F3DE9 /* LaunchADViewTests */ = {
			isa = PBXNativeTarget;
			buildConfigurationList = FF3506091F307169000F3DE9 /* Build configuration list for PBXNativeTarget "LaunchADViewTests" */;
			buildPhases = (
				FF3505F31F307169000F3DE9 /* Sources */,
				FF3505F41F307169000F3DE9 /* Frameworks */,
				FF3505F51F307169000F3DE9 /* Resources */,
			);
			buildRules = (
			);
			dependencies = (
				FF3505FA1F307169000F3DE9 /* PBXTargetDependency */,
				FF3505FC1F307169000F3DE9 /* PBXTargetDependency */,
			);
			name = LaunchADViewTests;
			productName = LaunchADViewTests;
			productReference = FF3505F71F307169000F3DE9 /* LaunchADViewTests.xctest */;
			productType = "com.apple.product-type.bundle.unit-test";
		};
/* End PBXNativeTarget section */

/* Begin PBXProject section */
		681D3E461DFFA221002024A8 /* Project object */ = {
			isa = PBXProject;
			attributes = {
				LastSwiftUpdateCheck = 0830;
				LastUpgradeCheck = 0810;
				ORGANIZATIONNAME = LaunchADDemo;
				TargetAttributes = {
					681D3E4D1DFFA221002024A8 = {
						CreatedOnToolsVersion = 8.1;
						DevelopmentTeam = CR7BE3B56R;
						ProvisioningStyle = Automatic;
					};
					FF3505EE1F307169000F3DE9 = {
						CreatedOnToolsVersion = 8.3.3;
						DevelopmentTeam = CR7BE3B56R;
						LastSwiftMigration = 0830;
						ProvisioningStyle = Automatic;
					};
					FF3505F61F307169000F3DE9 = {
						CreatedOnToolsVersion = 8.3.3;
						DevelopmentTeam = CR7BE3B56R;
						ProvisioningStyle = Automatic;
						TestTargetID = 681D3E4D1DFFA221002024A8;
					};
				};
			};
			buildConfigurationList = 681D3E491DFFA221002024A8 /* Build configuration list for PBXProject "LaunchADDemo" */;
			compatibilityVersion = "Xcode 3.2";
			developmentRegion = English;
			hasScannedForEncodings = 0;
			knownRegions = (
				en,
				Base,
			);
			mainGroup = 681D3E451DFFA221002024A8;
			productRefGroup = 681D3E4F1DFFA221002024A8 /* Products */;
			projectDirPath = "";
			projectRoot = "";
			targets = (
				681D3E4D1DFFA221002024A8 /* LaunchADDemo */,
				FF3505EE1F307169000F3DE9 /* LaunchADView */,
				FF3505F61F307169000F3DE9 /* LaunchADViewTests */,
			);
		};
/* End PBXProject section */

/* Begin PBXResourcesBuildPhase section */
		681D3E4C1DFFA221002024A8 /* Resources */ = {
			isa = PBXResourcesBuildPhase;
			buildActionMask = 2147483647;
			files = (
				681D3E5C1DFFA221002024A8 /* LaunchScreen.storyboard in Resources */,
				681D3E691DFFA2C4002024A8 /* WebView.xib in Resources */,
				681D3E591DFFA221002024A8 /* Assets.xcassets in Resources */,
				681D3E571DFFA221002024A8 /* Main.storyboard in Resources */,
			);
			runOnlyForDeploymentPostprocessing = 0;
		};
		FF3505ED1F307169000F3DE9 /* Resources */ = {
			isa = PBXResourcesBuildPhase;
			buildActionMask = 2147483647;
			files = (
			);
			runOnlyForDeploymentPostprocessing = 0;
		};
		FF3505F51F307169000F3DE9 /* Resources */ = {
			isa = PBXResourcesBuildPhase;
			buildActionMask = 2147483647;
			files = (
			);
			runOnlyForDeploymentPostprocessing = 0;
		};
/* End PBXResourcesBuildPhase section */

/* Begin PBXSourcesBuildPhase section */
		681D3E4A1DFFA221002024A8 /* Sources */ = {
			isa = PBXSourcesBuildPhase;
			buildActionMask = 2147483647;
			files = (
				681D3E681DFFA2C4002024A8 /* WebView.swift in Sources */,
				681D3E541DFFA221002024A8 /* ViewController.swift in Sources */,
				681D3E521DFFA221002024A8 /* AppDelegate.swift in Sources */,
			);
			runOnlyForDeploymentPostprocessing = 0;
		};
		FF3505EA1F307169000F3DE9 /* Sources */ = {
			isa = PBXSourcesBuildPhase;
			buildActionMask = 2147483647;
			files = (
				FF35060D1F307179000F3DE9 /* LaunchADView.swift in Sources */,
			);
			runOnlyForDeploymentPostprocessing = 0;
		};
		FF3505F31F307169000F3DE9 /* Sources */ = {
			isa = PBXSourcesBuildPhase;
			buildActionMask = 2147483647;
			files = (
			);
			runOnlyForDeploymentPostprocessing = 0;
		};
/* End PBXSourcesBuildPhase section */

/* Begin PBXTargetDependency section */
		FF3505FA1F307169000F3DE9 /* PBXTargetDependency */ = {
			isa = PBXTargetDependency;
			target = FF3505EE1F307169000F3DE9 /* LaunchADView */;
			targetProxy = FF3505F91F307169000F3DE9 /* PBXContainerItemProxy */;
		};
		FF3505FC1F307169000F3DE9 /* PBXTargetDependency */ = {
			isa = PBXTargetDependency;
			target = 681D3E4D1DFFA221002024A8 /* LaunchADDemo */;
			targetProxy = FF3505FB1F307169000F3DE9 /* PBXContainerItemProxy */;
		};
		FF3506031F307169000F3DE9 /* PBXTargetDependency */ = {
			isa = PBXTargetDependency;
			target = FF3505EE1F307169000F3DE9 /* LaunchADView */;
			targetProxy = FF3506021F307169000F3DE9 /* PBXContainerItemProxy */;
		};
/* End PBXTargetDependency section */

/* Begin PBXVariantGroup section */
		681D3E551DFFA221002024A8 /* Main.storyboard */ = {
			isa = PBXVariantGroup;
			children = (
				681D3E561DFFA221002024A8 /* Base */,
			);
			name = Main.storyboard;
			sourceTree = "<group>";
		};
		681D3E5A1DFFA221002024A8 /* LaunchScreen.storyboard */ = {
			isa = PBXVariantGroup;
			children = (
				681D3E5B1DFFA221002024A8 /* Base */,
			);
			name = LaunchScreen.storyboard;
			sourceTree = "<group>";
		};
/* End PBXVariantGroup section */

/* Begin XCBuildConfiguration section */
		681D3E5E1DFFA221002024A8 /* Debug */ = {
			isa = XCBuildConfiguration;
			buildSettings = {
				ALWAYS_SEARCH_USER_PATHS = NO;
				CLANG_ANALYZER_NONNULL = YES;
				CLANG_CXX_LANGUAGE_STANDARD = "gnu++0x";
				CLANG_CXX_LIBRARY = "libc++";
				CLANG_ENABLE_MODULES = YES;
				CLANG_ENABLE_OBJC_ARC = YES;
				CLANG_WARN_BOOL_CONVERSION = YES;
				CLANG_WARN_CONSTANT_CONVERSION = YES;
				CLANG_WARN_DIRECT_OBJC_ISA_USAGE = YES_ERROR;
				CLANG_WARN_DOCUMENTATION_COMMENTS = YES;
				CLANG_WARN_EMPTY_BODY = YES;
				CLANG_WARN_ENUM_CONVERSION = YES;
				CLANG_WARN_INFINITE_RECURSION = YES;
				CLANG_WARN_INT_CONVERSION = YES;
				CLANG_WARN_OBJC_ROOT_CLASS = YES_ERROR;
				CLANG_WARN_SUSPICIOUS_MOVES = YES;
				CLANG_WARN_UNREACHABLE_CODE = YES;
				CLANG_WARN__DUPLICATE_METHOD_MATCH = YES;
				"CODE_SIGN_IDENTITY[sdk=iphoneos*]" = "iPhone Developer";
				COPY_PHASE_STRIP = NO;
				DEBUG_INFORMATION_FORMAT = dwarf;
				ENABLE_STRICT_OBJC_MSGSEND = YES;
				ENABLE_TESTABILITY = YES;
				GCC_C_LANGUAGE_STANDARD = gnu99;
				GCC_DYNAMIC_NO_PIC = NO;
				GCC_NO_COMMON_BLOCKS = YES;
				GCC_OPTIMIZATION_LEVEL = 0;
				GCC_PREPROCESSOR_DEFINITIONS = (
					"DEBUG=1",
					"$(inherited)",
				);
				GCC_WARN_64_TO_32_BIT_CONVERSION = YES;
				GCC_WARN_ABOUT_RETURN_TYPE = YES_ERROR;
				GCC_WARN_UNDECLARED_SELECTOR = YES;
				GCC_WARN_UNINITIALIZED_AUTOS = YES_AGGRESSIVE;
				GCC_WARN_UNUSED_FUNCTION = YES;
				GCC_WARN_UNUSED_VARIABLE = YES;
				IPHONEOS_DEPLOYMENT_TARGET = 10.1;
				MTL_ENABLE_DEBUG_INFO = YES;
				ONLY_ACTIVE_ARCH = YES;
				SDKROOT = iphoneos;
				SWIFT_ACTIVE_COMPILATION_CONDITIONS = DEBUG;
				SWIFT_OPTIMIZATION_LEVEL = "-Onone";
				TARGETED_DEVICE_FAMILY = "1,2";
			};
			name = Debug;
		};
		681D3E5F1DFFA221002024A8 /* Release */ = {
			isa = XCBuildConfiguration;
			buildSettings = {
				ALWAYS_SEARCH_USER_PATHS = NO;
				CLANG_ANALYZER_NONNULL = YES;
				CLANG_CXX_LANGUAGE_STANDARD = "gnu++0x";
				CLANG_CXX_LIBRARY = "libc++";
				CLANG_ENABLE_MODULES = YES;
				CLANG_ENABLE_OBJC_ARC = YES;
				CLANG_WARN_BOOL_CONVERSION = YES;
				CLANG_WARN_CONSTANT_CONVERSION = YES;
				CLANG_WARN_DIRECT_OBJC_ISA_USAGE = YES_ERROR;
				CLANG_WARN_DOCUMENTATION_COMMENTS = YES;
				CLANG_WARN_EMPTY_BODY = YES;
				CLANG_WARN_ENUM_CONVERSION = YES;
				CLANG_WARN_INFINITE_RECURSION = YES;
				CLANG_WARN_INT_CONVERSION = YES;
				CLANG_WARN_OBJC_ROOT_CLASS = YES_ERROR;
				CLANG_WARN_SUSPICIOUS_MOVES = YES;
				CLANG_WARN_UNREACHABLE_CODE = YES;
				CLANG_WARN__DUPLICATE_METHOD_MATCH = YES;
				"CODE_SIGN_IDENTITY[sdk=iphoneos*]" = "iPhone Developer";
				COPY_PHASE_STRIP = NO;
				DEBUG_INFORMATION_FORMAT = "dwarf-with-dsym";
				ENABLE_NS_ASSERTIONS = NO;
				ENABLE_STRICT_OBJC_MSGSEND = YES;
				GCC_C_LANGUAGE_STANDARD = gnu99;
				GCC_NO_COMMON_BLOCKS = YES;
				GCC_WARN_64_TO_32_BIT_CONVERSION = YES;
				GCC_WARN_ABOUT_RETURN_TYPE = YES_ERROR;
				GCC_WARN_UNDECLARED_SELECTOR = YES;
				GCC_WARN_UNINITIALIZED_AUTOS = YES_AGGRESSIVE;
				GCC_WARN_UNUSED_FUNCTION = YES;
				GCC_WARN_UNUSED_VARIABLE = YES;
				IPHONEOS_DEPLOYMENT_TARGET = 10.1;
				MTL_ENABLE_DEBUG_INFO = NO;
				SDKROOT = iphoneos;
				SWIFT_OPTIMIZATION_LEVEL = "-Owholemodule";
				TARGETED_DEVICE_FAMILY = "1,2";
				VALIDATE_PRODUCT = YES;
			};
			name = Release;
		};
		681D3E611DFFA221002024A8 /* Debug */ = {
			isa = XCBuildConfiguration;
			buildSettings = {
				ALWAYS_EMBED_SWIFT_STANDARD_LIBRARIES = YES;
				ASSETCATALOG_COMPILER_APPICON_NAME = AppIcon;
				DEVELOPMENT_TEAM = CR7BE3B56R;
				INFOPLIST_FILE = LaunchADDemo/Info.plist;
				IPHONEOS_DEPLOYMENT_TARGET = 8.0;
				LD_RUNPATH_SEARCH_PATHS = "$(inherited) @executable_path/Frameworks";
				PRODUCT_BUNDLE_IDENTIFIER = com.zac.LaunchADDemo;
				PRODUCT_NAME = "$(TARGET_NAME)";
				SWIFT_VERSION = 3.0;
			};
			name = Debug;
		};
		681D3E621DFFA221002024A8 /* Release */ = {
			isa = XCBuildConfiguration;
			buildSettings = {
				ALWAYS_EMBED_SWIFT_STANDARD_LIBRARIES = YES;
				ASSETCATALOG_COMPILER_APPICON_NAME = AppIcon;
				DEVELOPMENT_TEAM = CR7BE3B56R;
				INFOPLIST_FILE = LaunchADDemo/Info.plist;
				IPHONEOS_DEPLOYMENT_TARGET = 8.0;
				LD_RUNPATH_SEARCH_PATHS = "$(inherited) @executable_path/Frameworks";
				PRODUCT_BUNDLE_IDENTIFIER = com.zac.LaunchADDemo;
				PRODUCT_NAME = "$(TARGET_NAME)";
				SWIFT_VERSION = 3.0;
			};
			name = Release;
		};
		FF3506071F307169000F3DE9 /* Debug */ = {
			isa = XCBuildConfiguration;
			buildSettings = {
				CLANG_ANALYZER_NUMBER_OBJECT_CONVERSION = YES_AGGRESSIVE;
				CLANG_ENABLE_MODULES = YES;
				CLANG_WARN_SUSPICIOUS_MOVE = YES;
				CODE_SIGN_IDENTITY = "";
				CURRENT_PROJECT_VERSION = 1;
				DEFINES_MODULE = YES;
				DEVELOPMENT_TEAM = CR7BE3B56R;
				DYLIB_COMPATIBILITY_VERSION = 1;
				DYLIB_CURRENT_VERSION = 1;
				DYLIB_INSTALL_NAME_BASE = "@rpath";
				INFOPLIST_FILE = LaunchADView/Info.plist;
				INSTALL_PATH = "$(LOCAL_LIBRARY_DIR)/Frameworks";
				IPHONEOS_DEPLOYMENT_TARGET = 8.0;
				LD_RUNPATH_SEARCH_PATHS = "$(inherited) @executable_path/Frameworks @loader_path/Frameworks";
				MACH_O_TYPE = mh_dylib;
				ONLY_ACTIVE_ARCH = NO;
				PRODUCT_BUNDLE_IDENTIFIER = com.zac.LaunchADView;
				PRODUCT_NAME = "$(TARGET_NAME)";
				SKIP_INSTALL = YES;
				SWIFT_OPTIMIZATION_LEVEL = "-Onone";
				SWIFT_VERSION = 3.0;
				VERSIONING_SYSTEM = "apple-generic";
				VERSION_INFO_PREFIX = "";
			};
			name = Debug;
		};
		FF3506081F307169000F3DE9 /* Release */ = {
			isa = XCBuildConfiguration;
			buildSettings = {
				CLANG_ANALYZER_NUMBER_OBJECT_CONVERSION = YES_AGGRESSIVE;
				CLANG_ENABLE_MODULES = YES;
				CLANG_WARN_SUSPICIOUS_MOVE = YES;
				CODE_SIGN_IDENTITY = "";
				CURRENT_PROJECT_VERSION = 1;
				DEFINES_MODULE = YES;
				DEVELOPMENT_TEAM = CR7BE3B56R;
				DYLIB_COMPATIBILITY_VERSION = 1;
				DYLIB_CURRENT_VERSION = 1;
				DYLIB_INSTALL_NAME_BASE = "@rpath";
				INFOPLIST_FILE = LaunchADView/Info.plist;
				INSTALL_PATH = "$(LOCAL_LIBRARY_DIR)/Frameworks";
				IPHONEOS_DEPLOYMENT_TARGET = 8.0;
				LD_RUNPATH_SEARCH_PATHS = "$(inherited) @executable_path/Frameworks @loader_path/Frameworks";
				MACH_O_TYPE = mh_dylib;
				PRODUCT_BUNDLE_IDENTIFIER = com.zac.LaunchADView;
				PRODUCT_NAME = "$(TARGET_NAME)";
				SKIP_INSTALL = YES;
				SWIFT_VERSION = 3.0;
				VERSIONING_SYSTEM = "apple-generic";
				VERSION_INFO_PREFIX = "";
			};
			name = Release;
		};
		FF35060A1F307169000F3DE9 /* Debug */ = {
			isa = XCBuildConfiguration;
			buildSettings = {
				ALWAYS_EMBED_SWIFT_STANDARD_LIBRARIES = YES;
				CLANG_ANALYZER_NUMBER_OBJECT_CONVERSION = YES_AGGRESSIVE;
				CLANG_WARN_SUSPICIOUS_MOVE = YES;
				DEVELOPMENT_TEAM = CR7BE3B56R;
				INFOPLIST_FILE = LaunchADViewTests/Info.plist;
				IPHONEOS_DEPLOYMENT_TARGET = 10.3;
				LD_RUNPATH_SEARCH_PATHS = "$(inherited) @executable_path/Frameworks @loader_path/Frameworks";
				PRODUCT_BUNDLE_IDENTIFIER = com.zac.LaunchADViewTests;
				PRODUCT_NAME = "$(TARGET_NAME)";
				SWIFT_VERSION = 3.0;
				TEST_HOST = "$(BUILT_PRODUCTS_DIR)/LaunchADDemo.app/LaunchADDemo";
			};
			name = Debug;
		};
		FF35060B1F307169000F3DE9 /* Release */ = {
			isa = XCBuildConfiguration;
			buildSettings = {
				ALWAYS_EMBED_SWIFT_STANDARD_LIBRARIES = YES;
				CLANG_ANALYZER_NUMBER_OBJECT_CONVERSION = YES_AGGRESSIVE;
				CLANG_WARN_SUSPICIOUS_MOVE = YES;
				DEVELOPMENT_TEAM = CR7BE3B56R;
				INFOPLIST_FILE = LaunchADViewTests/Info.plist;
				IPHONEOS_DEPLOYMENT_TARGET = 10.3;
				LD_RUNPATH_SEARCH_PATHS = "$(inherited) @executable_path/Frameworks @loader_path/Frameworks";
				PRODUCT_BUNDLE_IDENTIFIER = com.zac.LaunchADViewTests;
				PRODUCT_NAME = "$(TARGET_NAME)";
				SWIFT_VERSION = 3.0;
				TEST_HOST = "$(BUILT_PRODUCTS_DIR)/LaunchADDemo.app/LaunchADDemo";
			};
			name = Release;
		};
/* End XCBuildConfiguration section */

/* Begin XCConfigurationList section */
		681D3E491DFFA221002024A8 /* Build configuration list for PBXProject "LaunchADDemo" */ = {
			isa = XCConfigurationList;
			buildConfigurations = (
				681D3E5E1DFFA221002024A8 /* Debug */,
				681D3E5F1DFFA221002024A8 /* Release */,
			);
			defaultConfigurationIsVisible = 0;
			defaultConfigurationName = Release;
		};
		681D3E601DFFA221002024A8 /* Build configuration list for PBXNativeTarget "LaunchADDemo" */ = {
			isa = XCConfigurationList;
			buildConfigurations = (
				681D3E611DFFA221002024A8 /* Debug */,
				681D3E621DFFA221002024A8 /* Release */,
			);
			defaultConfigurationIsVisible = 0;
			defaultConfigurationName = Release;
		};
		FF3506061F307169000F3DE9 /* Build configuration list for PBXNativeTarget "LaunchADView" */ = {
			isa = XCConfigurationList;
			buildConfigurations = (
				FF3506071F307169000F3DE9 /* Debug */,
				FF3506081F307169000F3DE9 /* Release */,
			);
			defaultConfigurationIsVisible = 0;
			defaultConfigurationName = Release;
		};
		FF3506091F307169000F3DE9 /* Build configuration list for PBXNativeTarget "LaunchADViewTests" */ = {
			isa = XCConfigurationList;
			buildConfigurations = (
				FF35060A1F307169000F3DE9 /* Debug */,
				FF35060B1F307169000F3DE9 /* Release */,
			);
			defaultConfigurationIsVisible = 0;
			defaultConfigurationName = Release;
		};
/* End XCConfigurationList section */
	};
	rootObject = 681D3E461DFFA221002024A8 /* Project object */;
}
